
Microsoft Visual Studio Solution File, Format Version 12.00
Project("{FAE04EC0-301F-11D3-BF4B-00C04F79EFBC}") = "Lab1", "Lab1\Lab1.csproj", "{2B26CC4A-44F2-440A-857B-2D69D7EC1133}"
EndProject
Project("{FAE04EC0-301F-11D3-BF4B-00C04F79EFBC}") = "Lab2", "Lab2\Lab2.csproj", "{69E40B95-2D46-47FF-A8D7-8E19743A38FD}"
EndProject
Project("{FAE04EC0-301F-11D3-BF4B-00C04F79EFBC}") = "Lab3", "Lab3\Lab3.csproj", "{108E1563-59F9-472E-A08F-07D2077A41FA}"
EndProject
Project("{FAE04EC0-301F-11D3-BF4B-00C04F79EFBC}") = "Lab5", "Lab5\Lab5.csproj", "{E0BA8A08-EE60-4384-8FC2-2C36AD2CE6DF}"
EndProject
Project("{FAE04EC0-301F-11D3-BF4B-00C04F79EFBC}") = "Lab4", "Lab4\Lab4.csproj", "{4C195E1C-BDB4-47BD-917C-C63D9F3273BD}"
EndProject
Project("{FAE04EC0-301F-11D3-BF4B-00C04F79EFBC}") = "Lab6", "Lab6\Lab6.csproj", "{F437B596-1000-4EAC-8168-D4E51B24DCF5}"
EndProject
Project("{FAE04EC0-301F-11D3-BF4B-00C04F79EFBC}") = "Lab7", "Lab7\Lab7.csproj", "{7DA9D037-96E9-4469-89BC-826856504BF4}"
EndProject
Project("{FAE04EC0-301F-11D3-BF4B-00C04F79EFBC}") = "Lab8", "Lab8\Lab8.csproj", "{60665E57-1DE7-43D3-83C0-94F8D04120E6}"
EndProject
Project("{FAE04EC0-301F-11D3-BF4B-00C04F79EFBC}") = "Lab9", "Lab9\Lab9.csproj", "{7B12FEBE-F51C-43E4-A5CB-31F91BF9584D}"
EndProject
Global
	GlobalSection(SolutionConfigurationPlatforms) = preSolution
		Debug|Any CPU = Debug|Any CPU
		Release|Any CPU = Release|Any CPU
	EndGlobalSection
	GlobalSection(ProjectConfigurationPlatforms) = postSolution
		{2B26CC4A-44F2-440A-857B-2D69D7EC1133}.Debug|Any CPU.ActiveCfg = Debug|Any CPU
		{2B26CC4A-44F2-440A-857B-2D69D7EC1133}.Debug|Any CPU.Build.0 = Debug|Any CPU
		{2B26CC4A-44F2-440A-857B-2D69D7EC1133}.Release|Any CPU.ActiveCfg = Release|Any CPU
		{2B26CC4A-44F2-440A-857B-2D69D7EC1133}.Release|Any CPU.Build.0 = Release|Any CPU
		{69E40B95-2D46-47FF-A8D7-8E19743A38FD}.Debug|Any CPU.ActiveCfg = Debug|Any CPU
		{69E40B95-2D46-47FF-A8D7-8E19743A38FD}.Debug|Any CPU.Build.0 = Debug|Any CPU
		{69E40B95-2D46-47FF-A8D7-8E19743A38FD}.Release|Any CPU.ActiveCfg = Release|Any CPU
		{69E40B95-2D46-47FF-A8D7-8E19743A38FD}.Release|Any CPU.Build.0 = Release|Any CPU
		{108E1563-59F9-472E-A08F-07D2077A41FA}.Debug|Any CPU.ActiveCfg = Debug|Any CPU
		{108E1563-59F9-472E-A08F-07D2077A41FA}.Debug|Any CPU.Build.0 = Debug|Any CPU
		{108E1563-59F9-472E-A08F-07D2077A41FA}.Release|Any CPU.ActiveCfg = Release|Any CPU
		{108E1563-59F9-472E-A08F-07D2077A41FA}.Release|Any CPU.Build.0 = Release|Any CPU
		{E0BA8A08-EE60-4384-8FC2-2C36AD2CE6DF}.Debug|Any CPU.ActiveCfg = Debug|Any CPU
		{E0BA8A08-EE60-4384-8FC2-2C36AD2CE6DF}.Debug|Any CPU.Build.0 = Debug|Any CPU
		{E0BA8A08-EE60-4384-8FC2-2C36AD2CE6DF}.Release|Any CPU.ActiveCfg = Release|Any CPU
		{E0BA8A08-EE60-4384-8FC2-2C36AD2CE6DF}.Release|Any CPU.Build.0 = Release|Any CPU
		{4C195E1C-BDB4-47BD-917C-C63D9F3273BD}.Debug|Any CPU.ActiveCfg = Debug|Any CPU
		{4C195E1C-BDB4-47BD-917C-C63D9F3273BD}.Debug|Any CPU.Build.0 = Debug|Any CPU
		{4C195E1C-BDB4-47BD-917C-C63D9F3273BD}.Release|Any CPU.ActiveCfg = Release|Any CPU
		{4C195E1C-BDB4-47BD-917C-C63D9F3273BD}.Release|Any CPU.Build.0 = Release|Any CPU
		{F437B596-1000-4EAC-8168-D4E51B24DCF5}.Debug|Any CPU.ActiveCfg = Debug|Any CPU
		{F437B596-1000-4EAC-8168-D4E51B24DCF5}.Debug|Any CPU.Build.0 = Debug|Any CPU
		{F437B596-1000-4EAC-8168-D4E51B24DCF5}.Release|Any CPU.ActiveCfg = Release|Any CPU
		{F437B596-1000-4EAC-8168-D4E51B24DCF5}.Release|Any CPU.Build.0 = Release|Any CPU
		{7DA9D037-96E9-4469-89BC-826856504BF4}.Debug|Any CPU.ActiveCfg = Debug|Any CPU
		{7DA9D037-96E9-4469-89BC-826856504BF4}.Debug|Any CPU.Build.0 = Debug|Any CPU
		{7DA9D037-96E9-4469-89BC-826856504BF4}.Release|Any CPU.ActiveCfg = Release|Any CPU
		{7DA9D037-96E9-4469-89BC-826856504BF4}.Release|Any CPU.Build.0 = Release|Any CPU
		{60665E57-1DE7-43D3-83C0-94F8D04120E6}.Debug|Any CPU.ActiveCfg = Debug|Any CPU
		{60665E57-1DE7-43D3-83C0-94F8D04120E6}.Debug|Any CPU.Build.0 = Debug|Any CPU
		{60665E57-1DE7-43D3-83C0-94F8D04120E6}.Release|Any CPU.ActiveCfg = Release|Any CPU
		{60665E57-1DE7-43D3-83C0-94F8D04120E6}.Release|Any CPU.Build.0 = Release|Any CPU
		{7B12FEBE-F51C-43E4-A5CB-31F91BF9584D}.Debug|Any CPU.ActiveCfg = Debug|Any CPU
		{7B12FEBE-F51C-43E4-A5CB-31F91BF9584D}.Debug|Any CPU.Build.0 = Debug|Any CPU
		{7B12FEBE-F51C-43E4-A5CB-31F91BF9584D}.Release|Any CPU.ActiveCfg = Release|Any CPU
		{7B12FEBE-F51C-43E4-A5CB-31F91BF9584D}.Release|Any CPU.Build.0 = Release|Any CPU
	EndGlobalSection
EndGlobal
